{
  "requires": true,
  "lockfileVersion": 1,
  "dependencies": {
    "@react-oauth/google": {
      "version": "0.11.0",
      "resolved": "https://www.myget.org/F/skykick-web/npm/@react-oauth/google/-/@react-oauth/google-0.11.0.tgz",
      "integrity": "sha1-nTgU5U+/wEUlJTlyOK0jcqmqrvk="
    }
  }
}
